
Microsoft Visual Studio Solution File, Format Version 12.00
# Visual Studio 15
Project("{FAE04EC0-301F-11D3-BF4B-00C04F79EFBC}") = "Client", "Client\Client.csproj", "{CC60F4DE-2692-457F-8301-DD948E1F6B61}"
EndProject
Global
	GlobalSection(SolutionConfigurationPlatforms) = preSolution
		Debug|anycpu = Debug|anycpu
		Release|anycpu = Release|anycpu
	EndGlobalSection
	GlobalSection(ProjectConfigurationPlatforms) = postSolution
		{CC60F4DE-2692-457F-8301-DD948E1F6B61}.Debug|anycpu.ActiveCfg = Debug|anycpu
		{CC60F4DE-2692-457F-8301-DD948E1F6B61}.Debug|anycpu.Build.0 = Debug|anycpu
		{CC60F4DE-2692-457F-8301-DD948E1F6B61}.Release|anycpu.ActiveCfg = Release|anycpu
		{CC60F4DE-2692-457F-8301-DD948E1F6B61}.Release|anycpu.Build.0 = Release|anycpu
	EndGlobalSection
EndGlobal
